
Microsoft Visual Studio Solution File, Format Version 12.00
# Visual Studio Version 16
VisualStudioVersion = 16.0.31729.503
MinimumVisualStudioVersion = 10.0.40219.1
Project("{9A19103F-16F7-4668-BE54-9A1E7A4F7556}") = "Snack_Shack", "Snack_Shack.csproj", "{552B26B4-5F10-4D23-9AB4-1FC351BD2D7A}"
EndProject
Global
	GlobalSection(SolutionConfigurationPlatforms) = preSolution
		Debug|Any CPU = Debug|Any CPU
		Release|Any CPU = Release|Any CPU
	EndGlobalSection
	GlobalSection(ProjectConfigurationPlatforms) = postSolution
		{552B26B4-5F10-4D23-9AB4-1FC351BD2D7A}.Debug|Any CPU.ActiveCfg = Debug|Any CPU
		{552B26B4-5F10-4D23-9AB4-1FC351BD2D7A}.Debug|Any CPU.Build.0 = Debug|Any CPU
		{552B26B4-5F10-4D23-9AB4-1FC351BD2D7A}.Release|Any CPU.ActiveCfg = Release|Any CPU
		{552B26B4-5F10-4D23-9AB4-1FC351BD2D7A}.Release|Any CPU.Build.0 = Release|Any CPU
	EndGlobalSection
	GlobalSection(SolutionProperties) = preSolution
		HideSolutionNode = FALSE
	EndGlobalSection
	GlobalSection(ExtensibilityGlobals) = postSolution
		SolutionGuid = {BF97C877-43C1-42F0-B20E-74BA179CA256}
	EndGlobalSection
EndGlobal
